
Microsoft Visual Studio Solution File, Format Version 12.00
# Visual Studio Version 17
VisualStudioVersion = 17.0.31903.59
MinimumVisualStudioVersion = 10.0.40219.1
Project("{2150E333-8FDC-42A3-9474-1A3956D46DE8}") = "src", "src", "{827E0CD3-B72D-47B6-A68D-7590B98EB39B}"
EndProject
Project("{FAE04EC0-301F-11D3-BF4B-00C04F79EFBC}") = "TaskFlow.Domain", "src\TaskFlow.Domain\TaskFlow.Domain.csproj", "{B1251CA9-57CA-4DCE-AD5F-47310D14110F}"
EndProject
Project("{FAE04EC0-301F-11D3-BF4B-00C04F79EFBC}") = "TaskFlow.Application", "src\TaskFlow.Application\TaskFlow.Application.csproj", "{D55E7DA1-D6FF-4458-A6AA-5FB7B73970ED}"
EndProject
Project("{FAE04EC0-301F-11D3-BF4B-00C04F79EFBC}") = "TaskFlow.Infrastructure", "src\TaskFlow.Infrastructure\TaskFlow.Infrastructure.csproj", "{FA0D250B-BA44-4D1F-BDCF-069C719EC873}"
EndProject
Project("{FAE04EC0-301F-11D3-BF4B-00C04F79EFBC}") = "TaskFlow.API", "src\TaskFlow.API\TaskFlow.API.csproj", "{A9ADE8F9-AFE4-434F-ADFA-0A4114129B7F}"
EndProject
Global
	GlobalSection(SolutionConfigurationPlatforms) = preSolution
		Debug|Any CPU = Debug|Any CPU
		Debug|x64 = Debug|x64
		Debug|x86 = Debug|x86
		Release|Any CPU = Release|Any CPU
		Release|x64 = Release|x64
		Release|x86 = Release|x86
	EndGlobalSection
	GlobalSection(ProjectConfigurationPlatforms) = postSolution
		{B1251CA9-57CA-4DCE-AD5F-47310D14110F}.Debug|Any CPU.ActiveCfg = Debug|Any CPU
		{B1251CA9-57CA-4DCE-AD5F-47310D14110F}.Debug|Any CPU.Build.0 = Debug|Any CPU
		{B1251CA9-57CA-4DCE-AD5F-47310D14110F}.Debug|x64.ActiveCfg = Debug|Any CPU
		{B1251CA9-57CA-4DCE-AD5F-47310D14110F}.Debug|x64.Build.0 = Debug|Any CPU
		{B1251CA9-57CA-4DCE-AD5F-47310D14110F}.Debug|x86.ActiveCfg = Debug|Any CPU
		{B1251CA9-57CA-4DCE-AD5F-47310D14110F}.Debug|x86.Build.0 = Debug|Any CPU
		{B1251CA9-57CA-4DCE-AD5F-47310D14110F}.Release|Any CPU.ActiveCfg = Release|Any CPU
		{B1251CA9-57CA-4DCE-AD5F-47310D14110F}.Release|Any CPU.Build.0 = Release|Any CPU
		{B1251CA9-57CA-4DCE-AD5F-47310D14110F}.Release|x64.ActiveCfg = Release|Any CPU
		{B1251CA9-57CA-4DCE-AD5F-47310D14110F}.Release|x64.Build.0 = Release|Any CPU
		{B1251CA9-57CA-4DCE-AD5F-47310D14110F}.Release|x86.ActiveCfg = Release|Any CPU
		{B1251CA9-57CA-4DCE-AD5F-47310D14110F}.Release|x86.Build.0 = Release|Any CPU
		{D55E7DA1-D6FF-4458-A6AA-5FB7B73970ED}.Debug|Any CPU.ActiveCfg = Debug|Any CPU
		{D55E7DA1-D6FF-4458-A6AA-5FB7B73970ED}.Debug|Any CPU.Build.0 = Debug|Any CPU
		{D55E7DA1-D6FF-4458-A6AA-5FB7B73970ED}.Debug|x64.ActiveCfg = Debug|Any CPU
		{D55E7DA1-D6FF-4458-A6AA-5FB7B73970ED}.Debug|x64.Build.0 = Debug|Any CPU
		{D55E7DA1-D6FF-4458-A6AA-5FB7B73970ED}.Debug|x86.ActiveCfg = Debug|Any CPU
		{D55E7DA1-D6FF-4458-A6AA-5FB7B73970ED}.Debug|x86.Build.0 = Debug|Any CPU
		{D55E7DA1-D6FF-4458-A6AA-5FB7B73970ED}.Release|Any CPU.ActiveCfg = Release|Any CPU
		{D55E7DA1-D6FF-4458-A6AA-5FB7B73970ED}.Release|Any CPU.Build.0 = Release|Any CPU
		{D55E7DA1-D6FF-4458-A6AA-5FB7B73970ED}.Release|x64.ActiveCfg = Release|Any CPU
		{D55E7DA1-D6FF-4458-A6AA-5FB7B73970ED}.Release|x64.Build.0 = Release|Any CPU
		{D55E7DA1-D6FF-4458-A6AA-5FB7B73970ED}.Release|x86.ActiveCfg = Release|Any CPU
		{D55E7DA1-D6FF-4458-A6AA-5FB7B73970ED}.Release|x86.Build.0 = Release|Any CPU
		{FA0D250B-BA44-4D1F-BDCF-069C719EC873}.Debug|Any CPU.ActiveCfg = Debug|Any CPU
		{FA0D250B-BA44-4D1F-BDCF-069C719EC873}.Debug|Any CPU.Build.0 = Debug|Any CPU
		{FA0D250B-BA44-4D1F-BDCF-069C719EC873}.Debug|x64.ActiveCfg = Debug|Any CPU
		{FA0D250B-BA44-4D1F-BDCF-069C719EC873}.Debug|x64.Build.0 = Debug|Any CPU
		{FA0D250B-BA44-4D1F-BDCF-069C719EC873}.Debug|x86.ActiveCfg = Debug|Any CPU
		{FA0D250B-BA44-4D1F-BDCF-069C719EC873}.Debug|x86.Build.0 = Debug|Any CPU
		{FA0D250B-BA44-4D1F-BDCF-069C719EC873}.Release|Any CPU.ActiveCfg = Release|Any CPU
		{FA0D250B-BA44-4D1F-BDCF-069C719EC873}.Release|Any CPU.Build.0 = Release|Any CPU
		{FA0D250B-BA44-4D1F-BDCF-069C719EC873}.Release|x64.ActiveCfg = Release|Any CPU
		{FA0D250B-BA44-4D1F-BDCF-069C719EC873}.Release|x64.Build.0 = Release|Any CPU
		{FA0D250B-BA44-4D1F-BDCF-069C719EC873}.Release|x86.ActiveCfg = Release|Any CPU
		{FA0D250B-BA44-4D1F-BDCF-069C719EC873}.Release|x86.Build.0 = Release|Any CPU
		{A9ADE8F9-AFE4-434F-ADFA-0A4114129B7F}.Debug|Any CPU.ActiveCfg = Debug|Any CPU
		{A9ADE8F9-AFE4-434F-ADFA-0A4114129B7F}.Debug|Any CPU.Build.0 = Debug|Any CPU
		{A9ADE8F9-AFE4-434F-ADFA-0A4114129B7F}.Debug|x64.ActiveCfg = Debug|Any CPU
		{A9ADE8F9-AFE4-434F-ADFA-0A4114129B7F}.Debug|x64.Build.0 = Debug|Any CPU
		{A9ADE8F9-AFE4-434F-ADFA-0A4114129B7F}.Debug|x86.ActiveCfg = Debug|Any CPU
		{A9ADE8F9-AFE4-434F-ADFA-0A4114129B7F}.Debug|x86.Build.0 = Debug|Any CPU
		{A9ADE8F9-AFE4-434F-ADFA-0A4114129B7F}.Release|Any CPU.ActiveCfg = Release|Any CPU
		{A9ADE8F9-AFE4-434F-ADFA-0A4114129B7F}.Release|Any CPU.Build.0 = Release|Any CPU
		{A9ADE8F9-AFE4-434F-ADFA-0A4114129B7F}.Release|x64.ActiveCfg = Release|Any CPU
		{A9ADE8F9-AFE4-434F-ADFA-0A4114129B7F}.Release|x64.Build.0 = Release|Any CPU
		{A9ADE8F9-AFE4-434F-ADFA-0A4114129B7F}.Release|x86.ActiveCfg = Release|Any CPU
		{A9ADE8F9-AFE4-434F-ADFA-0A4114129B7F}.Release|x86.Build.0 = Release|Any CPU
	EndGlobalSection
	GlobalSection(SolutionProperties) = preSolution
		HideSolutionNode = FALSE
	EndGlobalSection
	GlobalSection(NestedProjects) = preSolution
		{B1251CA9-57CA-4DCE-AD5F-47310D14110F} = {827E0CD3-B72D-47B6-A68D-7590B98EB39B}
		{D55E7DA1-D6FF-4458-A6AA-5FB7B73970ED} = {827E0CD3-B72D-47B6-A68D-7590B98EB39B}
		{FA0D250B-BA44-4D1F-BDCF-069C719EC873} = {827E0CD3-B72D-47B6-A68D-7590B98EB39B}
		{A9ADE8F9-AFE4-434F-ADFA-0A4114129B7F} = {827E0CD3-B72D-47B6-A68D-7590B98EB39B}
	EndGlobalSection
EndGlobal
